
Microsoft Visual Studio Solution File, Format Version 12.00
# Visual Studio Version 16
VisualStudioVersion = 16.0.28917.181
MinimumVisualStudioVersion = 10.0.40219.1
Project("{FAE04EC0-301F-11D3-BF4B-00C04F79EFBC}") = "App3.UWP", "App3.UWP\App3.UWP.csproj", "{124F9063-BCEC-42FD-BB80-DBF78D8BAEC8}"
EndProject
Project("{FAE04EC0-301F-11D3-BF4B-00C04F79EFBC}") = "App3.Android", "App3.Android\App3.Android.csproj", "{E7A12C2B-40DD-439D-93A3-94C241FD33FF}"
EndProject
Project("{9A19103F-16F7-4668-BE54-9A1E7A4F7556}") = "App3", "App3\App3.csproj", "{0DE2DF5A-2357-4B5E-81DD-EC87793371FB}"
EndProject
Project("{FAE04EC0-301F-11D3-BF4B-00C04F79EFBC}") = "App3.iOS", "App3.iOS\App3.iOS.csproj", "{2ADD4A1C-1752-4B10-8C5C-D2AAAD9B1499}"
EndProject
Global
	GlobalSection(SolutionConfigurationPlatforms) = preSolution
		Debug|Any CPU = Debug|Any CPU
		Debug|ARM = Debug|ARM
		Debug|ARM64 = Debug|ARM64
		Debug|iPhone = Debug|iPhone
		Debug|iPhoneSimulator = Debug|iPhoneSimulator
		Debug|x64 = Debug|x64
		Debug|x86 = Debug|x86
		Release|Any CPU = Release|Any CPU
		Release|ARM = Release|ARM
		Release|ARM64 = Release|ARM64
		Release|iPhone = Release|iPhone
		Release|iPhoneSimulator = Release|iPhoneSimulator
		Release|x64 = Release|x64
		Release|x86 = Release|x86
	EndGlobalSection
	GlobalSection(ProjectConfigurationPlatforms) = postSolution
		{124F9063-BCEC-42FD-BB80-DBF78D8BAEC8}.Debug|Any CPU.ActiveCfg = Debug|x86
		{124F9063-BCEC-42FD-BB80-DBF78D8BAEC8}.Debug|ARM.ActiveCfg = Debug|ARM
		{124F9063-BCEC-42FD-BB80-DBF78D8BAEC8}.Debug|ARM.Build.0 = Debug|ARM
		{124F9063-BCEC-42FD-BB80-DBF78D8BAEC8}.Debug|ARM.Deploy.0 = Debug|ARM
		{124F9063-BCEC-42FD-BB80-DBF78D8BAEC8}.Debug|ARM64.ActiveCfg = Debug|ARM64
		{124F9063-BCEC-42FD-BB80-DBF78D8BAEC8}.Debug|ARM64.Build.0 = Debug|ARM64
		{124F9063-BCEC-42FD-BB80-DBF78D8BAEC8}.Debug|ARM64.Deploy.0 = Debug|ARM64
		{124F9063-BCEC-42FD-BB80-DBF78D8BAEC8}.Debug|iPhone.ActiveCfg = Debug|x86
		{124F9063-BCEC-42FD-BB80-DBF78D8BAEC8}.Debug|iPhoneSimulator.ActiveCfg = Debug|x86
		{124F9063-BCEC-42FD-BB80-DBF78D8BAEC8}.Debug|x64.ActiveCfg = Debug|x64
		{124F9063-BCEC-42FD-BB80-DBF78D8BAEC8}.Debug|x64.Build.0 = Debug|x64
		{124F9063-BCEC-42FD-BB80-DBF78D8BAEC8}.Debug|x64.Deploy.0 = Debug|x64
		{124F9063-BCEC-42FD-BB80-DBF78D8BAEC8}.Debug|x86.ActiveCfg = Debug|x86
		{124F9063-BCEC-42FD-BB80-DBF78D8BAEC8}.Debug|x86.Build.0 = Debug|x86
		{124F9063-BCEC-42FD-BB80-DBF78D8BAEC8}.Debug|x86.Deploy.0 = Debug|x86
		{124F9063-BCEC-42FD-BB80-DBF78D8BAEC8}.Release|Any CPU.ActiveCfg = Release|x86
		{124F9063-BCEC-42FD-BB80-DBF78D8BAEC8}.Release|ARM.ActiveCfg = Release|ARM
		{124F9063-BCEC-42FD-BB80-DBF78D8BAEC8}.Release|ARM.Build.0 = Release|ARM
		{124F9063-BCEC-42FD-BB80-DBF78D8BAEC8}.Release|ARM.Deploy.0 = Release|ARM
		{124F9063-BCEC-42FD-BB80-DBF78D8BAEC8}.Release|ARM64.ActiveCfg = Release|ARM64
		{124F9063-BCEC-42FD-BB80-DBF78D8BAEC8}.Release|ARM64.Build.0 = Release|ARM64
		{124F9063-BCEC-42FD-BB80-DBF78D8BAEC8}.Release|ARM64.Deploy.0 = Release|ARM64
		{124F9063-BCEC-42FD-BB80-DBF78D8BAEC8}.Release|iPhone.ActiveCfg = Release|x86
		{124F9063-BCEC-42FD-BB80-DBF78D8BAEC8}.Release|iPhoneSimulator.ActiveCfg = Release|x86
		{124F9063-BCEC-42FD-BB80-DBF78D8BAEC8}.Release|x64.ActiveCfg = Release|x64
		{124F9063-BCEC-42FD-BB80-DBF78D8BAEC8}.Release|x64.Build.0 = Release|x64
		{124F9063-BCEC-42FD-BB80-DBF78D8BAEC8}.Release|x64.Deploy.0 = Release|x64
		{124F9063-BCEC-42FD-BB80-DBF78D8BAEC8}.Release|x86.ActiveCfg = Release|x86
		{124F9063-BCEC-42FD-BB80-DBF78D8BAEC8}.Release|x86.Build.0 = Release|x86
		{124F9063-BCEC-42FD-BB80-DBF78D8BAEC8}.Release|x86.Deploy.0 = Release|x86
		{E7A12C2B-40DD-439D-93A3-94C241FD33FF}.Debug|Any CPU.ActiveCfg = Debug|Any CPU
		{E7A12C2B-40DD-439D-93A3-94C241FD33FF}.Debug|Any CPU.Build.0 = Debug|Any CPU
		{E7A12C2B-40DD-439D-93A3-94C241FD33FF}.Debug|Any CPU.Deploy.0 = Debug|Any CPU
		{E7A12C2B-40DD-439D-93A3-94C241FD33FF}.Debug|ARM.ActiveCfg = Debug|Any CPU
		{E7A12C2B-40DD-439D-93A3-94C241FD33FF}.Debug|ARM.Build.0 = Debug|Any CPU
		{E7A12C2B-40DD-439D-93A3-94C241FD33FF}.Debug|ARM.Deploy.0 = Debug|Any CPU
		{E7A12C2B-40DD-439D-93A3-94C241FD33FF}.Debug|ARM64.ActiveCfg = Debug|Any CPU
		{E7A12C2B-40DD-439D-93A3-94C241FD33FF}.Debug|ARM64.Build.0 = Debug|Any CPU
		{E7A12C2B-40DD-439D-93A3-94C241FD33FF}.Debug|ARM64.Deploy.0 = Debug|Any CPU
		{E7A12C2B-40DD-439D-93A3-94C241FD33FF}.Debug|iPhone.ActiveCfg = Debug|Any CPU
		{E7A12C2B-40DD-439D-93A3-94C241FD33FF}.Debug|iPhone.Build.0 = Debug|Any CPU
		{E7A12C2B-40DD-439D-93A3-94C241FD33FF}.Debug|iPhone.Deploy.0 = Debug|Any CPU
		{E7A12C2B-40DD-439D-93A3-94C241FD33FF}.Debug|iPhoneSimulator.ActiveCfg = Debug|Any CPU
		{E7A12C2B-40DD-439D-93A3-94C241FD33FF}.Debug|iPhoneSimulator.Build.0 = Debug|Any CPU
		{E7A12C2B-40DD-439D-93A3-94C241FD33FF}.Debug|iPhoneSimulator.Deploy.0 = Debug|Any CPU
		{E7A12C2B-40DD-439D-93A3-94C241FD33FF}.Debug|x64.ActiveCfg = Debug|Any CPU
		{E7A12C2B-40DD-439D-93A3-94C241FD33FF}.Debug|x64.Build.0 = Debug|Any CPU
		{E7A12C2B-40DD-439D-93A3-94C241FD33FF}.Debug|x64.Deploy.0 = Debug|Any CPU
		{E7A12C2B-40DD-439D-93A3-94C241FD33FF}.Debug|x86.ActiveCfg = Debug|Any CPU
		{E7A12C2B-40DD-439D-93A3-94C241FD33FF}.Debug|x86.Build.0 = Debug|Any CPU
		{E7A12C2B-40DD-439D-93A3-94C241FD33FF}.Debug|x86.Deploy.0 = Debug|Any CPU
		{E7A12C2B-40DD-439D-93A3-94C241FD33FF}.Release|Any CPU.ActiveCfg = Release|Any CPU
		{E7A12C2B-40DD-439D-93A3-94C241FD33FF}.Release|Any CPU.Build.0 = Release|Any CPU
		{E7A12C2B-40DD-439D-93A3-94C241FD33FF}.Release|Any CPU.Deploy.0 = Release|Any CPU
		{E7A12C2B-40DD-439D-93A3-94C241FD33FF}.Release|ARM.ActiveCfg = Release|Any CPU
		{E7A12C2B-40DD-439D-93A3-94C241FD33FF}.Release|ARM.Build.0 = Release|Any CPU
		{E7A12C2B-40DD-439D-93A3-94C241FD33FF}.Release|ARM.Deploy.0 = Release|Any CPU
		{E7A12C2B-40DD-439D-93A3-94C241FD33FF}.Release|ARM64.ActiveCfg = Release|Any CPU
		{E7A12C2B-40DD-439D-93A3-94C241FD33FF}.Release|ARM64.Build.0 = Release|Any CPU
		{E7A12C2B-40DD-439D-93A3-94C241FD33FF}.Release|ARM64.Deploy.0 = Release|Any CPU
		{E7A12C2B-40DD-439D-93A3-94C241FD33FF}.Release|iPhone.ActiveCfg = Release|Any CPU
		{E7A12C2B-40DD-439D-93A3-94C241FD33FF}.Release|iPhone.Build.0 = Release|Any CPU
		{E7A12C2B-40DD-439D-93A3-94C241FD33FF}.Release|iPhone.Deploy.0 = Release|Any CPU
		{E7A12C2B-40DD-439D-93A3-94C241FD33FF}.Release|iPhoneSimulator.ActiveCfg = Release|Any CPU
		{E7A12C2B-40DD-439D-93A3-94C241FD33FF}.Release|iPhoneSimulator.Build.0 = Release|Any CPU
		{E7A12C2B-40DD-439D-93A3-94C241FD33FF}.Release|iPhoneSimulator.Deploy.0 = Release|Any CPU
		{E7A12C2B-40DD-439D-93A3-94C241FD33FF}.Release|x64.ActiveCfg = Release|Any CPU
		{E7A12C2B-40DD-439D-93A3-94C241FD33FF}.Release|x64.Build.0 = Release|Any CPU
		{E7A12C2B-40DD-439D-93A3-94C241FD33FF}.Release|x64.Deploy.0 = Release|Any CPU
		{E7A12C2B-40DD-439D-93A3-94C241FD33FF}.Release|x86.ActiveCfg = Release|Any CPU
		{E7A12C2B-40DD-439D-93A3-94C241FD33FF}.Release|x86.Build.0 = Release|Any CPU
		{E7A12C2B-40DD-439D-93A3-94C241FD33FF}.Release|x86.Deploy.0 = Release|Any CPU
		{0DE2DF5A-2357-4B5E-81DD-EC87793371FB}.Debug|Any CPU.ActiveCfg = Debug|Any CPU
		{0DE2DF5A-2357-4B5E-81DD-EC87793371FB}.Debug|Any CPU.Build.0 = Debug|Any CPU
		{0DE2DF5A-2357-4B5E-81DD-EC87793371FB}.Debug|ARM.ActiveCfg = Debug|Any CPU
		{0DE2DF5A-2357-4B5E-81DD-EC87793371FB}.Debug|ARM.Build.0 = Debug|Any CPU
		{0DE2DF5A-2357-4B5E-81DD-EC87793371FB}.Debug|ARM64.ActiveCfg = Debug|Any CPU
		{0DE2DF5A-2357-4B5E-81DD-EC87793371FB}.Debug|ARM64.Build.0 = Debug|Any CPU
		{0DE2DF5A-2357-4B5E-81DD-EC87793371FB}.Debug|iPhone.ActiveCfg = Debug|Any CPU
		{0DE2DF5A-2357-4B5E-81DD-EC87793371FB}.Debug|iPhone.Build.0 = Debug|Any CPU
		{0DE2DF5A-2357-4B5E-81DD-EC87793371FB}.Debug|iPhoneSimulator.ActiveCfg = Debug|Any CPU
		{0DE2DF5A-2357-4B5E-81DD-EC87793371FB}.Debug|iPhoneSimulator.Build.0 = Debug|Any CPU
		{0DE2DF5A-2357-4B5E-81DD-EC87793371FB}.Debug|x64.ActiveCfg = Debug|Any CPU
		{0DE2DF5A-2357-4B5E-81DD-EC87793371FB}.Debug|x64.Build.0 = Debug|Any CPU
		{0DE2DF5A-2357-4B5E-81DD-EC87793371FB}.Debug|x86.ActiveCfg = Debug|Any CPU
		{0DE2DF5A-2357-4B5E-81DD-EC87793371FB}.Debug|x86.Build.0 = Debug|Any CPU
		{0DE2DF5A-2357-4B5E-81DD-EC87793371FB}.Release|Any CPU.ActiveCfg = Release|Any CPU
		{0DE2DF5A-2357-4B5E-81DD-EC87793371FB}.Release|Any CPU.Build.0 = Release|Any CPU
		{0DE2DF5A-2357-4B5E-81DD-EC87793371FB}.Release|ARM.ActiveCfg = Release|Any CPU
		{0DE2DF5A-2357-4B5E-81DD-EC87793371FB}.Release|ARM.Build.0 = Release|Any CPU
		{0DE2DF5A-2357-4B5E-81DD-EC87793371FB}.Release|ARM64.ActiveCfg = Release|Any CPU
		{0DE2DF5A-2357-4B5E-81DD-EC87793371FB}.Release|ARM64.Build.0 = Release|Any CPU
		{0DE2DF5A-2357-4B5E-81DD-EC87793371FB}.Release|iPhone.ActiveCfg = Release|Any CPU
		{0DE2DF5A-2357-4B5E-81DD-EC87793371FB}.Release|iPhone.Build.0 = Release|Any CPU
		{0DE2DF5A-2357-4B5E-81DD-EC87793371FB}.Release|iPhoneSimulator.ActiveCfg = Release|Any CPU
		{0DE2DF5A-2357-4B5E-81DD-EC87793371FB}.Release|iPhoneSimulator.Build.0 = Release|Any CPU
		{0DE2DF5A-2357-4B5E-81DD-EC87793371FB}.Release|x64.ActiveCfg = Release|Any CPU
		{0DE2DF5A-2357-4B5E-81DD-EC87793371FB}.Release|x64.Build.0 = Release|Any CPU
		{0DE2DF5A-2357-4B5E-81DD-EC87793371FB}.Release|x86.ActiveCfg = Release|Any CPU
		{0DE2DF5A-2357-4B5E-81DD-EC87793371FB}.Release|x86.Build.0 = Release|Any CPU
		{2ADD4A1C-1752-4B10-8C5C-D2AAAD9B1499}.Debug|Any CPU.ActiveCfg = Debug|iPhone
		{2ADD4A1C-1752-4B10-8C5C-D2AAAD9B1499}.Debug|ARM.ActiveCfg = Debug|iPhone
		{2ADD4A1C-1752-4B10-8C5C-D2AAAD9B1499}.Debug|ARM64.ActiveCfg = Debug|iPhone
		{2ADD4A1C-1752-4B10-8C5C-D2AAAD9B1499}.Debug|iPhone.ActiveCfg = Debug|iPhone
		{2ADD4A1C-1752-4B10-8C5C-D2AAAD9B1499}.Debug|iPhone.Build.0 = Debug|iPhone
		{2ADD4A1C-1752-4B10-8C5C-D2AAAD9B1499}.Debug|iPhoneSimulator.ActiveCfg = Debug|iPhoneSimulator
		{2ADD4A1C-1752-4B10-8C5C-D2AAAD9B1499}.Debug|iPhoneSimulator.Build.0 = Debug|iPhoneSimulator
		{2ADD4A1C-1752-4B10-8C5C-D2AAAD9B1499}.Debug|x64.ActiveCfg = Debug|iPhone
		{2ADD4A1C-1752-4B10-8C5C-D2AAAD9B1499}.Debug|x86.ActiveCfg = Debug|iPhone
		{2ADD4A1C-1752-4B10-8C5C-D2AAAD9B1499}.Release|Any CPU.ActiveCfg = Release|iPhone
		{2ADD4A1C-1752-4B10-8C5C-D2AAAD9B1499}.Release|ARM.ActiveCfg = Release|iPhone
		{2ADD4A1C-1752-4B10-8C5C-D2AAAD9B1499}.Release|ARM64.ActiveCfg = Release|iPhone
		{2ADD4A1C-1752-4B10-8C5C-D2AAAD9B1499}.Release|iPhone.ActiveCfg = Release|iPhone
		{2ADD4A1C-1752-4B10-8C5C-D2AAAD9B1499}.Release|iPhone.Build.0 = Release|iPhone
		{2ADD4A1C-1752-4B10-8C5C-D2AAAD9B1499}.Release|iPhoneSimulator.ActiveCfg = Release|iPhoneSimulator
		{2ADD4A1C-1752-4B10-8C5C-D2AAAD9B1499}.Release|iPhoneSimulator.Build.0 = Release|iPhoneSimulator
		{2ADD4A1C-1752-4B10-8C5C-D2AAAD9B1499}.Release|x64.ActiveCfg = Release|iPhone
		{2ADD4A1C-1752-4B10-8C5C-D2AAAD9B1499}.Release|x86.ActiveCfg = Release|iPhone
	EndGlobalSection
	GlobalSection(SolutionProperties) = preSolution
		HideSolutionNode = FALSE
	EndGlobalSection
	GlobalSection(ExtensibilityGlobals) = postSolution
		SolutionGuid = {37B65C21-00F8-4372-B247-7CC539F514E4}
	EndGlobalSection
EndGlobal
